
Microsoft Visual Studio Solution File, Format Version 12.00
# Visual Studio Version 17
VisualStudioVersion = 17.11.35222.181
MinimumVisualStudioVersion = 10.0.40219.1
Project("{FAE04EC0-301F-11D3-BF4B-00C04F79EFBC}") = "lab3zad1", "lab3zad1\lab3zad1.csproj", "{7CEC577C-A51D-45BA-98B3-8F1EC50E0603}"
EndProject
Global
	GlobalSection(SolutionConfigurationPlatforms) = preSolution
		Debug|Any CPU = Debug|Any CPU
		Release|Any CPU = Release|Any CPU
	EndGlobalSection
	GlobalSection(ProjectConfigurationPlatforms) = postSolution
		{7CEC577C-A51D-45BA-98B3-8F1EC50E0603}.Debug|Any CPU.ActiveCfg = Debug|Any CPU
		{7CEC577C-A51D-45BA-98B3-8F1EC50E0603}.Debug|Any CPU.Build.0 = Debug|Any CPU
		{7CEC577C-A51D-45BA-98B3-8F1EC50E0603}.Release|Any CPU.ActiveCfg = Release|Any CPU
		{7CEC577C-A51D-45BA-98B3-8F1EC50E0603}.Release|Any CPU.Build.0 = Release|Any CPU
	EndGlobalSection
	GlobalSection(SolutionProperties) = preSolution
		HideSolutionNode = FALSE
	EndGlobalSection
	GlobalSection(ExtensibilityGlobals) = postSolution
		SolutionGuid = {AB5D237C-E270-4D98-8F38-93C8CADABB16}
	EndGlobalSection
EndGlobal
